// !$*UTF8*$!
{
	archiveVersion = 1;
	classes = {
	};
	objectVersion = 46;
	objects = {

/* Begin PBXBuildFile section */
		6CACF5341AB28537006D1BB3 /* AppDelegate.swift in Sources */ = {isa = PBXBuildFile; fileRef = 6CACF5331AB28537006D1BB3 /* AppDelegate.swift */; };
		6CACF5361AB28537006D1BB3 /* ViewController.swift in Sources */ = {isa = PBXBuildFile; fileRef = 6CACF5351AB28537006D1BB3 /* ViewController.swift */; };
		6CACF5391AB28537006D1BB3 /* Main.storyboard in Resources */ = {isa = PBXBuildFile; fileRef = 6CACF5371AB28537006D1BB3 /* Main.storyboard */; };
		6CACF53B1AB28537006D1BB3 /* Images.xcassets in Resources */ = {isa = PBXBuildFile; fileRef = 6CACF53A1AB28537006D1BB3 /* Images.xcassets */; };
		6CACF53E1AB28537006D1BB3 /* LaunchScreen.xib in Resources */ = {isa = PBXBuildFile; fileRef = 6CACF53C1AB28537006D1BB3 /* LaunchScreen.xib */; };
		6CACF54A1AB28538006D1BB3 /* YNRefreshControllerTests.swift in Sources */ = {isa = PBXBuildFile; fileRef = 6CACF5491AB28538006D1BB3 /* YNRefreshControllerTests.swift */; };
		6CACF5541AB28589006D1BB3 /* YNMoreController.swift in Sources */ = {isa = PBXBuildFile; fileRef = 6CACF5531AB28589006D1BB3 /* YNMoreController.swift */; };
		6CACF5561AB285A5006D1BB3 /* YNPullController.swift in Sources */ = {isa = PBXBuildFile; fileRef = 6CACF5551AB285A5006D1BB3 /* YNPullController.swift */; };
		6CACF5581AB28B13006D1BB3 /* YNRefreshView.swift in Sources */ = {isa = PBXBuildFile; fileRef = 6CACF5571AB28B13006D1BB3 /* YNRefreshView.swift */; };
		6CBC24F01AB34B6D0077E7BC /* YNRefreshController.swift in Sources */ = {isa = PBXBuildFile; fileRef = 6CBC24EF1AB34B6D0077E7BC /* YNRefreshController.swift */; };
/* End PBXBuildFile section */

/* Begin PBXContainerItemProxy section */
		6CACF5441AB28538006D1BB3 /* PBXContainerItemProxy */ = {
			isa = PBXContainerItemProxy;
			containerPortal = 6CACF5261AB28537006D1BB3 /* Project object */;
			proxyType = 1;
			remoteGlobalIDString = 6CACF52D1AB28537006D1BB3;
			remoteInfo = YNRefreshController;
		};
/* End PBXContainerItemProxy section */

/* Begin PBXFileReference section */
		6CACF52E1AB28537006D1BB3 /* YNRefreshController.app */ = {isa = PBXFileReference; explicitFileType = wrapper.application; includeInIndex = 0; path = YNRefreshController.app; sourceTree = BUILT_PRODUCTS_DIR; };
		6CACF5321AB28537006D1BB3 /* Info.plist */ = {isa = PBXFileReference; lastKnownFileType = text.plist.xml; path = Info.plist; sourceTree = "<group>"; };
		6CACF5331AB28537006D1BB3 /* AppDelegate.swift */ = {isa = PBXFileReference; lastKnownFileType = sourcecode.swift; path = AppDelegate.swift; sourceTree = "<group>"; };
		6CACF5351AB28537006D1BB3 /* ViewController.swift */ = {isa = PBXFileReference; lastKnownFileType = sourcecode.swift; path = ViewController.swift; sourceTree = "<group>"; };
		6CACF5381AB28537006D1BB3 /* Base */ = {isa = PBXFileReference; lastKnownFileType = file.storyboard; name = Base; path = Base.lproj/Main.storyboard; sourceTree = "<group>"; };
		6CACF53A1AB28537006D1BB3 /* Images.xcassets */ = {isa = PBXFileReference; lastKnownFileType = folder.assetcatalog; path = Images.xcassets; sourceTree = "<group>"; };
		6CACF53D1AB28537006D1BB3 /* Base */ = {isa = PBXFileReference; lastKnownFileType = file.xib; name = Base; path = Base.lproj/LaunchScreen.xib; sourceTree = "<group>"; };
		6CACF5431AB28538006D1BB3 /* YNRefreshControllerTests.xctest */ = {isa = PBXFileReference; explicitFileType = wrapper.cfbundle; includeInIndex = 0; path = YNRefreshControllerTests.xctest; sourceTree = BUILT_PRODUCTS_DIR; };
		6CACF5481AB28538006D1BB3 /* Info.plist */ = {isa = PBXFileReference; lastKnownFileType = text.plist.xml; path = Info.plist; sourceTree = "<group>"; };
		6CACF5491AB28538006D1BB3 /* YNRefreshControllerTests.swift */ = {isa = PBXFileReference; lastKnownFileType = sourcecode.swift; path = YNRefreshControllerTests.swift; sourceTree = "<group>"; };
		6CACF5531AB28589006D1BB3 /* YNMoreController.swift */ = {isa = PBXFileReference; fileEncoding = 4; lastKnownFileType = sourcecode.swift; path = YNMoreController.swift; sourceTree = "<group>"; };
		6CACF5551AB285A5006D1BB3 /* YNPullController.swift */ = {isa = PBXFileReference; fileEncoding = 4; lastKnownFileType = sourcecode.swift; path = YNPullController.swift; sourceTree = "<group>"; };
		6CACF5571AB28B13006D1BB3 /* YNRefreshView.swift */ = {isa = PBXFileReference; fileEncoding = 4; lastKnownFileType = sourcecode.swift; path = YNRefreshView.swift; sourceTree = "<group>"; };
		6CBC24EF1AB34B6D0077E7BC /* YNRefreshController.swift */ = {isa = PBXFileReference; fileEncoding = 4; lastKnownFileType = sourcecode.swift; path = YNRefreshController.swift; sourceTree = "<group>"; };
/* End PBXFileReference section */

/* Begin PBXFrameworksBuildPhase section */
		6CACF52B1AB28537006D1BB3 /* Frameworks */ = {
			isa = PBXFrameworksBuildPhase;
			buildActionMask = 2147483647;
			files = (
			);
			runOnlyForDeploymentPostprocessing = 0;
		};
		6CACF5401AB28538006D1BB3 /* Frameworks */ = {
			isa = PBXFrameworksBuildPhase;
			buildActionMask = 2147483647;
			files = (
			);
			runOnlyForDeploymentPostprocessing = 0;
		};
/* End PBXFrameworksBuildPhase section */

/* Begin PBXGroup section */
		6CACF5251AB28537006D1BB3 = {
			isa = PBXGroup;
			children = (
				6CACF5301AB28537006D1BB3 /* YNRefreshController */,
				6CACF5461AB28538006D1BB3 /* YNRefreshControllerTests */,
				6CACF52F1AB28537006D1BB3 /* Products */,
			);
			sourceTree = "<group>";
		};
		6CACF52F1AB28537006D1BB3 /* Products */ = {
			isa = PBXGroup;
			children = (
				6CACF52E1AB28537006D1BB3 /* YNRefreshController.app */,
				6CACF5431AB28538006D1BB3 /* YNRefreshControllerTests.xctest */,
			);
			name = Products;
			sourceTree = "<group>";
		};
		6CACF5301AB28537006D1BB3 /* YNRefreshController */ = {
			isa = PBXGroup;
			children = (
				6CACF5331AB28537006D1BB3 /* AppDelegate.swift */,
				6CACF5351AB28537006D1BB3 /* ViewController.swift */,
				6CBC24EF1AB34B6D0077E7BC /* YNRefreshController.swift */,
				6CACF5531AB28589006D1BB3 /* YNMoreController.swift */,
				6CACF5551AB285A5006D1BB3 /* YNPullController.swift */,
				6CACF5571AB28B13006D1BB3 /* YNRefreshView.swift */,
				6CACF5371AB28537006D1BB3 /* Main.storyboard */,
				6CACF53A1AB28537006D1BB3 /* Images.xcassets */,
				6CACF53C1AB28537006D1BB3 /* LaunchScreen.xib */,
				6CACF5311AB28537006D1BB3 /* Supporting Files */,
			);
			path = YNRefreshController;
			sourceTree = "<group>";
		};
		6CACF5311AB28537006D1BB3 /* Supporting Files */ = {
			isa = PBXGroup;
			children = (
				6CACF5321AB28537006D1BB3 /* Info.plist */,
			);
			name = "Supporting Files";
			sourceTree = "<group>";
		};
		6CACF5461AB28538006D1BB3 /* YNRefreshControllerTests */ = {
			isa = PBXGroup;
			children = (
				6CACF5491AB28538006D1BB3 /* YNRefreshControllerTests.swift */,
				6CACF5471AB28538006D1BB3 /* Supporting Files */,
			);
			path = YNRefreshControllerTests;
			sourceTree = "<group>";
		};
		6CACF5471AB28538006D1BB3 /* Supporting Files */ = {
			isa = PBXGroup;
			children = (
				6CACF5481AB28538006D1BB3 /* Info.plist */,
			);
			name = "Supporting Files";
			sourceTree = "<group>";
		};
/* End PBXGroup section */

/* Begin PBXNativeTarget section */
		6CACF52D1AB28537006D1BB3 /* YNRefreshController */ = {
			isa = PBXNativeTarget;
			buildConfigurationList = 6CACF54D1AB28538006D1BB3 /* Build configuration list for PBXNativeTarget "YNRefreshController" */;
			buildPhases = (
				6CACF52A1AB28537006D1BB3 /* Sources */,
				6CACF52B1AB28537006D1BB3 /* Frameworks */,
				6CACF52C1AB28537006D1BB3 /* Resources */,
			);
			buildRules = (
			);
			dependencies = (
			);
			name = YNRefreshController;
			productName = YNRefreshController;
			productReference = 6CACF52E1AB28537006D1BB3 /* YNRefreshController.app */;
			productType = "com.apple.product-type.application";
		};
		6CACF5421AB28538006D1BB3 /* YNRefreshControllerTests */ = {
			isa = PBXNativeTarget;
			buildConfigurationList = 6CACF5501AB28538006D1BB3 /* Build configuration list for PBXNativeTarget "YNRefreshControllerTests" */;
			buildPhases = (
				6CACF53F1AB28538006D1BB3 /* Sources */,
				6CACF5401AB28538006D1BB3 /* Frameworks */,
				6CACF5411AB28538006D1BB3 /* Resources */,
			);
			buildRules = (
			);
			dependencies = (
				6CACF5451AB28538006D1BB3 /* PBXTargetDependency */,
			);
			name = YNRefreshControllerTests;
			productName = YNRefreshControllerTests;
			productReference = 6CACF5431AB28538006D1BB3 /* YNRefreshControllerTests.xctest */;
			productType = "com.apple.product-type.bundle.unit-test";
		};
/* End PBXNativeTarget section */

/* Begin PBXProject section */
		6CACF5261AB28537006D1BB3 /* Project object */ = {
			isa = PBXProject;
			attributes = {
				LastUpgradeCheck = 0620;
				ORGANIZATIONNAME = "xu_yunan@163.com";
				TargetAttributes = {
					6CACF52D1AB28537006D1BB3 = {
						CreatedOnToolsVersion = 6.2;
					};
					6CACF5421AB28538006D1BB3 = {
						CreatedOnToolsVersion = 6.2;
						TestTargetID = 6CACF52D1AB28537006D1BB3;
					};
				};
			};
			buildConfigurationList = 6CACF5291AB28537006D1BB3 /* Build configuration list for PBXProject "YNRefreshController" */;
			compatibilityVersion = "Xcode 3.2";
			developmentRegion = English;
			hasScannedForEncodings = 0;
			knownRegions = (
				en,
				Base,
			);
			mainGroup = 6CACF5251AB28537006D1BB3;
			productRefGroup = 6CACF52F1AB28537006D1BB3 /* Products */;
			projectDirPath = "";
			projectRoot = "";
			targets = (
				6CACF52D1AB28537006D1BB3 /* YNRefreshController */,
				6CACF5421AB28538006D1BB3 /* YNRefreshControllerTests */,
			);
		};
/* End PBXProject section */

/* Begin PBXResourcesBuildPhase section */
		6CACF52C1AB28537006D1BB3 /* Resources */ = {
			isa = PBXResourcesBuildPhase;
			buildActionMask = 2147483647;
			files = (
				6CACF5391AB28537006D1BB3 /* Main.storyboard in Resources */,
				6CACF53E1AB28537006D1BB3 /* LaunchScreen.xib in Resources */,
				6CACF53B1AB28537006D1BB3 /* Images.xcassets in Resources */,
			);
			runOnlyForDeploymentPostprocessing = 0;
		};
		6CACF5411AB28538006D1BB3 /* Resources */ = {
			isa = PBXResourcesBuildPhase;
			buildActionMask = 2147483647;
			files = (
			);
			runOnlyForDeploymentPostprocessing = 0;
		};
/* End PBXResourcesBuildPhase section */

/* Begin PBXSourcesBuildPhase section */
		6CACF52A1AB28537006D1BB3 /* Sources */ = {
			isa = PBXSourcesBuildPhase;
			buildActionMask = 2147483647;
			files = (
				6CACF5361AB28537006D1BB3 /* ViewController.swift in Sources */,
				6CACF5561AB285A5006D1BB3 /* YNPullController.swift in Sources */,
				6CBC24F01AB34B6D0077E7BC /* YNRefreshController.swift in Sources */,
				6CACF5541AB28589006D1BB3 /* YNMoreController.swift in Sources */,
				6CACF5341AB28537006D1BB3 /* AppDelegate.swift in Sources */,
				6CACF5581AB28B13006D1BB3 /* YNRefreshView.swift in Sources */,
			);
			runOnlyForDeploymentPostprocessing = 0;
		};
		6CACF53F1AB28538006D1BB3 /* Sources */ = {
			isa = PBXSourcesBuildPhase;
			buildActionMask = 2147483647;
			files = (
				6CACF54A1AB28538006D1BB3 /* YNRefreshControllerTests.swift in Sources */,
			);
			runOnlyForDeploymentPostprocessing = 0;
		};
/* End PBXSourcesBuildPhase section */

/* Begin PBXTargetDependency section */
		6CACF5451AB28538006D1BB3 /* PBXTargetDependency */ = {
			isa = PBXTargetDependency;
			target = 6CACF52D1AB28537006D1BB3 /* YNRefreshController */;
			targetProxy = 6CACF5441AB28538006D1BB3 /* PBXContainerItemProxy */;
		};
/* End PBXTargetDependency section */

/* Begin PBXVariantGroup section */
		6CACF5371AB28537006D1BB3 /* Main.storyboard */ = {
			isa = PBXVariantGroup;
			children = (
				6CACF5381AB28537006D1BB3 /* Base */,
			);
			name = Main.storyboard;
			sourceTree = "<group>";
		};
		6CACF53C1AB28537006D1BB3 /* LaunchScreen.xib */ = {
			isa = PBXVariantGroup;
			children = (
				6CACF53D1AB28537006D1BB3 /* Base */,
			);
			name = LaunchScreen.xib;
			sourceTree = "<group>";
		};
/* End PBXVariantGroup section */

/* Begin XCBuildConfiguration section */
		6CACF54B1AB28538006D1BB3 /* Debug */ = {
			isa = XCBuildConfiguration;
			buildSettings = {
				ALWAYS_SEARCH_USER_PATHS = NO;
				CLANG_CXX_LANGUAGE_STANDARD = "gnu++0x";
				CLANG_CXX_LIBRARY = "libc++";
				CLANG_ENABLE_MODULES = YES;
				CLANG_ENABLE_OBJC_ARC = YES;
				CLANG_WARN_BOOL_CONVERSION = YES;
				CLANG_WARN_CONSTANT_CONVERSION = YES;
				CLANG_WARN_DIRECT_OBJC_ISA_USAGE = YES_ERROR;
				CLANG_WARN_EMPTY_BODY = YES;
				CLANG_WARN_ENUM_CONVERSION = YES;
				CLANG_WARN_INT_CONVERSION = YES;
				CLANG_WARN_OBJC_ROOT_CLASS = YES_ERROR;
				CLANG_WARN_UNREACHABLE_CODE = YES;
				CLANG_WARN__DUPLICATE_METHOD_MATCH = YES;
				"CODE_SIGN_IDENTITY[sdk=iphoneos*]" = "iPhone Developer";
				COPY_PHASE_STRIP = NO;
				ENABLE_STRICT_OBJC_MSGSEND = YES;
				GCC_C_LANGUAGE_STANDARD = gnu99;
				GCC_DYNAMIC_NO_PIC = NO;
				GCC_OPTIMIZATION_LEVEL = 0;
				GCC_PREPROCESSOR_DEFINITIONS = (
					"DEBUG=1",
					"$(inherited)",
				);
				GCC_SYMBOLS_PRIVATE_EXTERN = NO;
				GCC_WARN_64_TO_32_BIT_CONVERSION = YES;
				GCC_WARN_ABOUT_RETURN_TYPE = YES_ERROR;
				GCC_WARN_UNDECLARED_SELECTOR = YES;
				GCC_WARN_UNINITIALIZED_AUTOS = YES_AGGRESSIVE;
				GCC_WARN_UNUSED_FUNCTION = YES;
				GCC_WARN_UNUSED_VARIABLE = YES;
				IPHONEOS_DEPLOYMENT_TARGET = 8.2;
				MTL_ENABLE_DEBUG_INFO = YES;
				ONLY_ACTIVE_ARCH = YES;
				SDKROOT = iphoneos;
				SWIFT_OPTIMIZATION_LEVEL = "-Onone";
			};
			name = Debug;
		};
		6CACF54C1AB28538006D1BB3 /* Release */ = {
			isa = XCBuildConfiguration;
			buildSettings = {
				ALWAYS_SEARCH_USER_PATHS = NO;
				CLANG_CXX_LANGUAGE_STANDARD = "gnu++0x";
				CLANG_CXX_LIBRARY = "libc++";
				CLANG_ENABLE_MODULES = YES;
				CLANG_ENABLE_OBJC_ARC = YES;
				CLANG_WARN_BOOL_CONVERSION = YES;
				CLANG_WARN_CONSTANT_CONVERSION = YES;
				CLANG_WARN_DIRECT_OBJC_ISA_USAGE = YES_ERROR;
				CLANG_WARN_EMPTY_BODY = YES;
				CLANG_WARN_ENUM_CONVERSION = YES;
				CLANG_WARN_INT_CONVERSION = YES;
				CLANG_WARN_OBJC_ROOT_CLASS = YES_ERROR;
				CLANG_WARN_UNREACHABLE_CODE = YES;
				CLANG_WARN__DUPLICATE_METHOD_MATCH = YES;
				"CODE_SIGN_IDENTITY[sdk=iphoneos*]" = "iPhone Developer";
				COPY_PHASE_STRIP = NO;
				ENABLE_NS_ASSERTIONS = NO;
				ENABLE_STRICT_OBJC_MSGSEND = YES;
				GCC_C_LANGUAGE_STANDARD = gnu99;
				GCC_WARN_64_TO_32_BIT_CONVERSION = YES;
				GCC_WARN_ABOUT_RETURN_TYPE = YES_ERROR;
				GCC_WARN_UNDECLARED_SELECTOR = YES;
				GCC_WARN_UNINITIALIZED_AUTOS = YES_AGGRESSIVE;
				GCC_WARN_UNUSED_FUNCTION = YES;
				GCC_WARN_UNUSED_VARIABLE = YES;
				IPHONEOS_DEPLOYMENT_TARGET = 8.2;
				MTL_ENABLE_DEBUG_INFO = NO;
				SDKROOT = iphoneos;
				VALIDATE_PRODUCT = YES;
			};
			name = Release;
		};
		6CACF54E1AB28538006D1BB3 /* Debug */ = {
			isa = XCBuildConfiguration;
			buildSettings = {
				ASSETCATALOG_COMPILER_APPICON_NAME = AppIcon;
				INFOPLIST_FILE = YNRefreshController/Info.plist;
				LD_RUNPATH_SEARCH_PATHS = "$(inherited) @executable_path/Frameworks";
				PRODUCT_NAME = "$(TARGET_NAME)";
			};
			name = Debug;
		};
		6CACF54F1AB28538006D1BB3 /* Release */ = {
			isa = XCBuildConfiguration;
			buildSettings = {
				ASSETCATALOG_COMPILER_APPICON_NAME = AppIcon;
				INFOPLIST_FILE = YNRefreshController/Info.plist;
				LD_RUNPATH_SEARCH_PATHS = "$(inherited) @executable_path/Frameworks";
				PRODUCT_NAME = "$(TARGET_NAME)";
			};
			name = Release;
		};
		6CACF5511AB28538006D1BB3 /* Debug */ = {
			isa = XCBuildConfiguration;
			buildSettings = {
				BUNDLE_LOADER = "$(TEST_HOST)";
				FRAMEWORK_SEARCH_PATHS = (
					"$(SDKROOT)/Developer/Library/Frameworks",
					"$(inherited)",
				);
				GCC_PREPROCESSOR_DEFINITIONS = (
					"DEBUG=1",
					"$(inherited)",
				);
				INFOPLIST_FILE = YNRefreshControllerTests/Info.plist;
				LD_RUNPATH_SEARCH_PATHS = "$(inherited) @executable_path/Frameworks @loader_path/Frameworks";
				PRODUCT_NAME = "$(TARGET_NAME)";
				TEST_HOST = "$(BUILT_PRODUCTS_DIR)/YNRefreshController.app/YNRefreshController";
			};
			name = Debug;
		};
		6CACF5521AB28538006D1BB3 /* Release */ = {
			isa = XCBuildConfiguration;
			buildSettings = {
				BUNDLE_LOADER = "$(TEST_HOST)";
				FRAMEWORK_SEARCH_PATHS = (
					"$(SDKROOT)/Developer/Library/Frameworks",
					"$(inherited)",
				);
				INFOPLIST_FILE = YNRefreshControllerTests/Info.plist;
				LD_RUNPATH_SEARCH_PATHS = "$(inherited) @executable_path/Frameworks @loader_path/Frameworks";
				PRODUCT_NAME = "$(TARGET_NAME)";
				TEST_HOST = "$(BUILT_PRODUCTS_DIR)/YNRefreshController.app/YNRefreshController";
			};
			name = Release;
		};
/* End XCBuildConfiguration section */

/* Begin XCConfigurationList section */
		6CACF5291AB28537006D1BB3 /* Build configuration list for PBXProject "YNRefreshController" */ = {
			isa = XCConfigurationList;
			buildConfigurations = (
				6CACF54B1AB28538006D1BB3 /* Debug */,
				6CACF54C1AB28538006D1BB3 /* Release */,
			);
			defaultConfigurationIsVisible = 0;
			defaultConfigurationName = Release;
		};
		6CACF54D1AB28538006D1BB3 /* Build configuration list for PBXNativeTarget "YNRefreshController" */ = {
			isa = XCConfigurationList;
			buildConfigurations = (
				6CACF54E1AB28538006D1BB3 /* Debug */,
				6CACF54F1AB28538006D1BB3 /* Release */,
			);
			defaultConfigurationIsVisible = 0;
			defaultConfigurationName = Release;
		};
		6CACF5501AB28538006D1BB3 /* Build configuration list for PBXNativeTarget "YNRefreshControllerTests" */ = {
			isa = XCConfigurationList;
			buildConfigurations = (
				6CACF5511AB28538006D1BB3 /* Debug */,
				6CACF5521AB28538006D1BB3 /* Release */,
			);
			defaultConfigurationIsVisible = 0;
			defaultConfigurationName = Release;
		};
/* End XCConfigurationList section */
	};
	rootObject = 6CACF5261AB28537006D1BB3 /* Project object */;
}
